PODS:
  - JRSwizzle (1.0)
  - JVFloatLabeledTextField (0.0.4)
  - libextobjc/EXTConcreteProtocol (0.3):
    - libextobjc/RuntimeExtensions
  - libextobjc/EXTKeyPathCoding (0.3):
    - libextobjc/RuntimeExtensions
  - libextobjc/EXTScope (0.3):
    - libextobjc/RuntimeExtensions
  - libextobjc/RuntimeExtensions (0.3)
  - ReactiveCocoa (1.9.7):
    - ReactiveCocoa/Core
    - ReactiveCocoa/RACExtensions
  - ReactiveCocoa/Core (1.9.7):
    - JRSwizzle (~> 1.0)
    - libextobjc/EXTConcreteProtocol (~> 0.3.0)
    - libextobjc/EXTKeyPathCoding (~> 0.3.0)
    - libextobjc/EXTScope (~> 0.3.0)
  - ReactiveCocoa/RACExtensions (1.9.7):
    - ReactiveCocoa/Core
  - ReactiveCoreBluetooth (0.0.3):
    - ReactiveCocoa (~> 1.0)

DEPENDENCIES:
  - JVFloatLabeledTextField
  - ReactiveCoreBluetooth (from `https://github.com/volca/ReactiveCoreBluetooth.git`)

EXTERNAL SOURCES:
  ReactiveCoreBluetooth:
    :git: https://github.com/volca/ReactiveCoreBluetooth.git

SPEC CHECKSUMS:
  JRSwizzle: 6242ff38485d870fc2636899048ee1ab883ae587
  JVFloatLabeledTextField: 479be2062a52fcc1a5d6dafc039a5949810002b9
  libextobjc: 820a79dbbbc498611e04fffd07d2d52a5588e7ac
  ReactiveCocoa: 86033375e366207afad5a5067f2dd10a1f2d8f32
  ReactiveCoreBluetooth: 5987a91e09dc6b69cc9cd5a857e536c9dbf66281

COCOAPODS: 0.28.0
